
Microsoft Visual Studio Solution File, Format Version 12.00
# Visual Studio Version 17
VisualStudioVersion = 17.9.34714.143
MinimumVisualStudioVersion = 10.0.40219.1
Project("{FAE04EC0-301F-11D3-BF4B-00C04F79EFBC}") = "CSPractice1", "CSPractice1\CSPractice1.csproj", "{0FBDE24A-C0D6-4262-B5D3-DB908E6A6BF3}"
EndProject
Global
	GlobalSection(SolutionConfigurationPlatforms) = preSolution
		Debug|Any CPU = Debug|Any CPU
		Release|Any CPU = Release|Any CPU
	EndGlobalSection
	GlobalSection(ProjectConfigurationPlatforms) = postSolution
		{0FBDE24A-C0D6-4262-B5D3-DB908E6A6BF3}.Debug|Any CPU.ActiveCfg = Debug|Any CPU
		{0FBDE24A-C0D6-4262-B5D3-DB908E6A6BF3}.Debug|Any CPU.Build.0 = Debug|Any CPU
		{0FBDE24A-C0D6-4262-B5D3-DB908E6A6BF3}.Release|Any CPU.ActiveCfg = Release|Any CPU
		{0FBDE24A-C0D6-4262-B5D3-DB908E6A6BF3}.Release|Any CPU.Build.0 = Release|Any CPU
	EndGlobalSection
	GlobalSection(SolutionProperties) = preSolution
		HideSolutionNode = FALSE
	EndGlobalSection
	GlobalSection(ExtensibilityGlobals) = postSolution
		SolutionGuid = {1465F415-BC04-4285-8401-A3D209D1FEE1}
	EndGlobalSection
EndGlobal
